
Microsoft Visual Studio Solution File, Format Version 12.00
Project("{2150E333-8FDC-42A3-9474-1A3956D46DE8}") = "Solution Items", "Solution Items", "{A1B2C3D4-E5F6-7890-ABCD-EF1234567890}"
	ProjectSection(SolutionItems) = preProject
		CMakeLists.txt = CMakeLists.txt
		CMakePresets.json = CMakePresets.json
		vcpkg.json = vcpkg.json
		CLAUDE.md = CLAUDE.md
	EndProjectSection
EndProject
Project("{2150E333-8FDC-42A3-9474-1A3956D46DE8}") = "cmake", "cmake", "{B2C3D4E5-F6A7-8901-BCDE-F12345678901}"
	ProjectSection(SolutionItems) = preProject
		cmake\CompilerWarnings.cmake = cmake\CompilerWarnings.cmake
		cmake\Sanitizers.cmake = cmake\Sanitizers.cmake
	EndProjectSection
EndProject
Project("{2150E333-8FDC-42A3-9474-1A3956D46DE8}") = "engine", "engine", "{C3D4E5F6-A7B8-9012-CDEF-123456789012}"
	ProjectSection(SolutionItems) = preProject
		engine\CMakeLists.txt = engine\CMakeLists.txt
		engine\src\Placeholder.cpp = engine\src\Placeholder.cpp
	EndProjectSection
EndProject
Project("{2150E333-8FDC-42A3-9474-1A3956D46DE8}") = "game", "game", "{D4E5F6A7-B8C9-0123-DEFA-234567890123}"
	ProjectSection(SolutionItems) = preProject
		game\CMakeLists.txt = game\CMakeLists.txt
		game\src\main.cpp = game\src\main.cpp
	EndProjectSection
EndProject
Project("{2150E333-8FDC-42A3-9474-1A3956D46DE8}") = "tests", "tests", "{E5F6A7B8-C9D0-1234-EFAB-345678901234}"
	ProjectSection(SolutionItems) = preProject
		tests\CMakeLists.txt = tests\CMakeLists.txt
		tests\TestPlaceholder.cpp = tests\TestPlaceholder.cpp
	EndProjectSection
EndProject
Global
	GlobalSection(SolutionConfigurationPlatforms) = preSolution
		Debug|Win32 = Debug|Win32
		Debug|x64 = Debug|x64
		Release|Win32 = Release|Win32
		Release|x64 = Release|x64
	EndGlobalSection
	GlobalSection(ProjectConfigurationPlatforms) = postSolution
	EndGlobalSection
	GlobalSection(NestedProjects) = preSolution
	EndGlobalSection
EndGlobal